// !$*UTF8*$!
{
	archiveVersion = 1;
	classes = {
	};
	objectVersion = 56;
	objects = {

/* Begin PBXBuildFile section */
		52EA3DAA2EA5E82800B3BD0E /* SpotifyOverlayApp.swift in Sources */ = {isa = PBXBuildFile; fileRef = 52EA3DA92EA5E82800B3BD0E /* SpotifyOverlayApp.swift */; };
		52EA3DAC2EA5E82800B3BD0E /* ContentView.swift in Sources */ = {isa = PBXBuildFile; fileRef = 52EA3DAB2EA5E82800B3BD0E /* ContentView.swift */; };
		52EA3DAE2EA5E82900B3BD0E /* Assets.xcassets in Resources */ = {isa = PBXBuildFile; fileRef = 52EA3DAD2EA5E82900B3BD0E /* Assets.xcassets */; };
		52EA3DB12EA5E82900B3BD0E /* Preview Assets.xcassets in Resources */ = {isa = PBXBuildFile; fileRef = 52EA3DB02EA5E82900B3BD0E /* Preview Assets.xcassets */; };
		52EA3DBC2EA5E82900B3BD0E /* SpotifyOverlayTests.swift in Sources */ = {isa = PBXBuildFile; fileRef = 52EA3DBB2EA5E82900B3BD0E /* SpotifyOverlayTests.swift */; };
		52EA3DC62EA5E82900B3BD0E /* SpotifyOverlayUITests.swift in Sources */ = {isa = PBXBuildFile; fileRef = 52EA3DC52EA5E82900B3BD0E /* SpotifyOverlayUITests.swift */; };
		52EA3DC82EA5E82900B3BD0E /* SpotifyOverlayUITestsLaunchTests.swift in Sources */ = {isa = PBXBuildFile; fileRef = 52EA3DC72EA5E82900B3BD0E /* SpotifyOverlayUITestsLaunchTests.swift */; };
		52EA3DD52EA600E400B3BD0E /* ButtonView.swift in Sources */ = {isa = PBXBuildFile; fileRef = 52EA3DD42EA600E400B3BD0E /* ButtonView.swift */; };
		52EA3DD92EA61A5D00B3BD0E /* SpotifyManager.swift in Sources */ = {isa = PBXBuildFile; fileRef = 52EA3DD82EA61A5D00B3BD0E /* SpotifyManager.swift */; };
		52EA3DDC2EA61B7C00B3BD0E /* CurrentSong.swift in Sources */ = {isa = PBXBuildFile; fileRef = 52EA3DDB2EA61B7C00B3BD0E /* CurrentSong.swift */; };
		52EA3DDF2EA61F6F00B3BD0E /* SDWebImageSwiftUI in Frameworks */ = {isa = PBXBuildFile; productRef = 52EA3DDE2EA61F6F00B3BD0E /* SDWebImageSwiftUI */; };
/* End PBXBuildFile section */

/* Begin PBXContainerItemProxy section */
		52EA3DB82EA5E82900B3BD0E /* PBXContainerItemProxy */ = {
			isa = PBXContainerItemProxy;
			containerPortal = 52EA3D9E2EA5E82800B3BD0E /* Project object */;
			proxyType = 1;
			remoteGlobalIDString = 52EA3DA52EA5E82800B3BD0E;
			remoteInfo = SpotifyOverlay;
		};
		52EA3DC22EA5E82900B3BD0E /* PBXContainerItemProxy */ = {
			isa = PBXContainerItemProxy;
			containerPortal = 52EA3D9E2EA5E82800B3BD0E /* Project object */;
			proxyType = 1;
			remoteGlobalIDString = 52EA3DA52EA5E82800B3BD0E;
			remoteInfo = SpotifyOverlay;
		};
/* End PBXContainerItemProxy section */

/* Begin PBXFileReference section */
		52EA3DA62EA5E82800B3BD0E /* SpotifyOverlay.app */ = {isa = PBXFileReference; explicitFileType = wrapper.application; includeInIndex = 0; path = SpotifyOverlay.app; sourceTree = BUILT_PRODUCTS_DIR; };
		52EA3DA92EA5E82800B3BD0E /* SpotifyOverlayApp.swift */ = {isa = PBXFileReference; lastKnownFileType = sourcecode.swift; path = SpotifyOverlayApp.swift; sourceTree = "<group>"; };
		52EA3DAB2EA5E82800B3BD0E /* ContentView.swift */ = {isa = PBXFileReference; lastKnownFileType = sourcecode.swift; path = ContentView.swift; sourceTree = "<group>"; };
		52EA3DAD2EA5E82900B3BD0E /* Assets.xcassets */ = {isa = PBXFileReference; lastKnownFileType = folder.assetcatalog; path = Assets.xcassets; sourceTree = "<group>"; };
		52EA3DB02EA5E82900B3BD0E /* Preview Assets.xcassets */ = {isa = PBXFileReference; lastKnownFileType = folder.assetcatalog; path = "Preview Assets.xcassets"; sourceTree = "<group>"; };
		52EA3DB22EA5E82900B3BD0E /* SpotifyOverlay.entitlements */ = {isa = PBXFileReference; lastKnownFileType = text.plist.entitlements; path = SpotifyOverlay.entitlements; sourceTree = "<group>"; };
		52EA3DB72EA5E82900B3BD0E /* SpotifyOverlayTests.xctest */ = {isa = PBXFileReference; explicitFileType = wrapper.cfbundle; includeInIndex = 0; path = SpotifyOverlayTests.xctest; sourceTree = BUILT_PRODUCTS_DIR; };
		52EA3DBB2EA5E82900B3BD0E /* SpotifyOverlayTests.swift */ = {isa = PBXFileReference; lastKnownFileType = sourcecode.swift; path = SpotifyOverlayTests.swift; sourceTree = "<group>"; };
		52EA3DC12EA5E82900B3BD0E /* SpotifyOverlayUITests.xctest */ = {isa = PBXFileReference; explicitFileType = wrapper.cfbundle; includeInIndex = 0; path = SpotifyOverlayUITests.xctest; sourceTree = BUILT_PRODUCTS_DIR; };
		52EA3DC52EA5E82900B3BD0E /* SpotifyOverlayUITests.swift */ = {isa = PBXFileReference; lastKnownFileType = sourcecode.swift; path = SpotifyOverlayUITests.swift; sourceTree = "<group>"; };
		52EA3DC72EA5E82900B3BD0E /* SpotifyOverlayUITestsLaunchTests.swift */ = {isa = PBXFileReference; lastKnownFileType = sourcecode.swift; path = SpotifyOverlayUITestsLaunchTests.swift; sourceTree = "<group>"; };
		52EA3DD42EA600E400B3BD0E /* ButtonView.swift */ = {isa = PBXFileReference; lastKnownFileType = sourcecode.swift; path = ButtonView.swift; sourceTree = "<group>"; };
		52EA3DD82EA61A5D00B3BD0E /* SpotifyManager.swift */ = {isa = PBXFileReference; lastKnownFileType = sourcecode.swift; path = SpotifyManager.swift; sourceTree = "<group>"; };
		52EA3DDB2EA61B7C00B3BD0E /* CurrentSong.swift */ = {isa = PBXFileReference; lastKnownFileType = sourcecode.swift; path = CurrentSong.swift; sourceTree = "<group>"; };
/* End PBXFileReference section */

/* Begin PBXFrameworksBuildPhase section */
		52EA3DA32EA5E82800B3BD0E /* Frameworks */ = {
			isa = PBXFrameworksBuildPhase;
			buildActionMask = 2147483647;
			files = (
				52EA3DDF2EA61F6F00B3BD0E /* SDWebImageSwiftUI in Frameworks */,
			);
			runOnlyForDeploymentPostprocessing = 0;
		};
		52EA3DB42EA5E82900B3BD0E /* Frameworks */ = {
			isa = PBXFrameworksBuildPhase;
			buildActionMask = 2147483647;
			files = (
			);
			runOnlyForDeploymentPostprocessing = 0;
		};
		52EA3DBE2EA5E82900B3BD0E /* Frameworks */ = {
			isa = PBXFrameworksBuildPhase;
			buildActionMask = 2147483647;
			files = (
			);
			runOnlyForDeploymentPostprocessing = 0;
		};
/* End PBXFrameworksBuildPhase section */

/* Begin PBXGroup section */
		52EA3D9D2EA5E82800B3BD0E = {
			isa = PBXGroup;
			children = (
				52EA3DA82EA5E82800B3BD0E /* SpotifyOverlay */,
				52EA3DBA2EA5E82900B3BD0E /* SpotifyOverlayTests */,
				52EA3DC42EA5E82900B3BD0E /* SpotifyOverlayUITests */,
				52EA3DA72EA5E82800B3BD0E /* Products */,
			);
			sourceTree = "<group>";
		};
		52EA3DA72EA5E82800B3BD0E /* Products */ = {
			isa = PBXGroup;
			children = (
				52EA3DA62EA5E82800B3BD0E /* SpotifyOverlay.app */,
				52EA3DB72EA5E82900B3BD0E /* SpotifyOverlayTests.xctest */,
				52EA3DC12EA5E82900B3BD0E /* SpotifyOverlayUITests.xctest */,
			);
			name = Products;
			sourceTree = "<group>";
		};
		52EA3DA82EA5E82800B3BD0E /* SpotifyOverlay */ = {
			isa = PBXGroup;
			children = (
				52EA3DDA2EA61B6F00B3BD0E /* Model */,
				52EA3DD72EA61A2300B3BD0E /* Controller */,
				52EA3DD62EA61A1C00B3BD0E /* View */,
				52EA3DA92EA5E82800B3BD0E /* SpotifyOverlayApp.swift */,
				52EA3DAD2EA5E82900B3BD0E /* Assets.xcassets */,
				52EA3DB22EA5E82900B3BD0E /* SpotifyOverlay.entitlements */,
				52EA3DAF2EA5E82900B3BD0E /* Preview Content */,
			);
			path = SpotifyOverlay;
			sourceTree = "<group>";
		};
		52EA3DAF2EA5E82900B3BD0E /* Preview Content */ = {
			isa = PBXGroup;
			children = (
				52EA3DB02EA5E82900B3BD0E /* Preview Assets.xcassets */,
			);
			path = "Preview Content";
			sourceTree = "<group>";
		};
		52EA3DBA2EA5E82900B3BD0E /* SpotifyOverlayTests */ = {
			isa = PBXGroup;
			children = (
				52EA3DBB2EA5E82900B3BD0E /* SpotifyOverlayTests.swift */,
			);
			path = SpotifyOverlayTests;
			sourceTree = "<group>";
		};
		52EA3DC42EA5E82900B3BD0E /* SpotifyOverlayUITests */ = {
			isa = PBXGroup;
			children = (
				52EA3DC52EA5E82900B3BD0E /* SpotifyOverlayUITests.swift */,
				52EA3DC72EA5E82900B3BD0E /* SpotifyOverlayUITestsLaunchTests.swift */,
			);
			path = SpotifyOverlayUITests;
			sourceTree = "<group>";
		};
		52EA3DD62EA61A1C00B3BD0E /* View */ = {
			isa = PBXGroup;
			children = (
				52EA3DAB2EA5E82800B3BD0E /* ContentView.swift */,
				52EA3DD42EA600E400B3BD0E /* ButtonView.swift */,
			);
			path = View;
			sourceTree = "<group>";
		};
		52EA3DD72EA61A2300B3BD0E /* Controller */ = {
			isa = PBXGroup;
			children = (
				52EA3DD82EA61A5D00B3BD0E /* SpotifyManager.swift */,
			);
			path = Controller;
			sourceTree = "<group>";
		};
		52EA3DDA2EA61B6F00B3BD0E /* Model */ = {
			isa = PBXGroup;
			children = (
				52EA3DDB2EA61B7C00B3BD0E /* CurrentSong.swift */,
			);
			path = Model;
			sourceTree = "<group>";
		};
/* End PBXGroup section */

/* Begin PBXNativeTarget section */
		52EA3DA52EA5E82800B3BD0E /* SpotifyOverlay */ = {
			isa = PBXNativeTarget;
			buildConfigurationList = 52EA3DCB2EA5E82900B3BD0E /* Build configuration list for PBXNativeTarget "SpotifyOverlay" */;
			buildPhases = (
				52EA3DA22EA5E82800B3BD0E /* Sources */,
				52EA3DA32EA5E82800B3BD0E /* Frameworks */,
				52EA3DA42EA5E82800B3BD0E /* Resources */,
			);
			buildRules = (
			);
			dependencies = (
			);
			name = SpotifyOverlay;
			packageProductDependencies = (
				52EA3DDE2EA61F6F00B3BD0E /* SDWebImageSwiftUI */,
			);
			productName = SpotifyOverlay;
			productReference = 52EA3DA62EA5E82800B3BD0E /* SpotifyOverlay.app */;
			productType = "com.apple.product-type.application";
		};
		52EA3DB62EA5E82900B3BD0E /* SpotifyOverlayTests */ = {
			isa = PBXNativeTarget;
			buildConfigurationList = 52EA3DCE2EA5E82900B3BD0E /* Build configuration list for PBXNativeTarget "SpotifyOverlayTests" */;
			buildPhases = (
				52EA3DB32EA5E82900B3BD0E /* Sources */,
				52EA3DB42EA5E82900B3BD0E /* Frameworks */,
				52EA3DB52EA5E82900B3BD0E /* Resources */,
			);
			buildRules = (
			);
			dependencies = (
				52EA3DB92EA5E82900B3BD0E /* PBXTargetDependency */,
			);
			name = SpotifyOverlayTests;
			productName = SpotifyOverlayTests;
			productReference = 52EA3DB72EA5E82900B3BD0E /* SpotifyOverlayTests.xctest */;
			productType = "com.apple.product-type.bundle.unit-test";
		};
		52EA3DC02EA5E82900B3BD0E /* SpotifyOverlayUITests */ = {
			isa = PBXNativeTarget;
			buildConfigurationList = 52EA3DD12EA5E82900B3BD0E /* Build configuration list for PBXNativeTarget "SpotifyOverlayUITests" */;
			buildPhases = (
				52EA3DBD2EA5E82900B3BD0E /* Sources */,
				52EA3DBE2EA5E82900B3BD0E /* Frameworks */,
				52EA3DBF2EA5E82900B3BD0E /* Resources */,
			);
			buildRules = (
			);
			dependencies = (
				52EA3DC32EA5E82900B3BD0E /* PBXTargetDependency */,
			);
			name = SpotifyOverlayUITests;
			productName = SpotifyOverlayUITests;
			productReference = 52EA3DC12EA5E82900B3BD0E /* SpotifyOverlayUITests.xctest */;
			productType = "com.apple.product-type.bundle.ui-testing";
		};
/* End PBXNativeTarget section */

/* Begin PBXProject section */
		52EA3D9E2EA5E82800B3BD0E /* Project object */ = {
			isa = PBXProject;
			attributes = {
				BuildIndependentTargetsInParallel = 1;
				LastSwiftUpdateCheck = 1540;
				LastUpgradeCheck = 1540;
				TargetAttributes = {
					52EA3DA52EA5E82800B3BD0E = {
						CreatedOnToolsVersion = 15.4;
					};
					52EA3DB62EA5E82900B3BD0E = {
						CreatedOnToolsVersion = 15.4;
						TestTargetID = 52EA3DA52EA5E82800B3BD0E;
					};
					52EA3DC02EA5E82900B3BD0E = {
						CreatedOnToolsVersion = 15.4;
						TestTargetID = 52EA3DA52EA5E82800B3BD0E;
					};
				};
			};
			buildConfigurationList = 52EA3DA12EA5E82800B3BD0E /* Build configuration list for PBXProject "SpotifyOverlay" */;
			compatibilityVersion = "Xcode 14.0";
			developmentRegion = en;
			hasScannedForEncodings = 0;
			knownRegions = (
				en,
				Base,
			);
			mainGroup = 52EA3D9D2EA5E82800B3BD0E;
			packageReferences = (
				52EA3DDD2EA61F6F00B3BD0E /* XCRemoteSwiftPackageReference "SDWebImageSwiftUI" */,
			);
			productRefGroup = 52EA3DA72EA5E82800B3BD0E /* Products */;
			projectDirPath = "";
			projectRoot = "";
			targets = (
				52EA3DA52EA5E82800B3BD0E /* SpotifyOverlay */,
				52EA3DB62EA5E82900B3BD0E /* SpotifyOverlayTests */,
				52EA3DC02EA5E82900B3BD0E /* SpotifyOverlayUITests */,
			);
		};
/* End PBXProject section */

/* Begin PBXResourcesBuildPhase section */
		52EA3DA42EA5E82800B3BD0E /* Resources */ = {
			isa = PBXResourcesBuildPhase;
			buildActionMask = 2147483647;
			files = (
				52EA3DB12EA5E82900B3BD0E /* Preview Assets.xcassets in Resources */,
				52EA3DAE2EA5E82900B3BD0E /* Assets.xcassets in Resources */,
			);
			runOnlyForDeploymentPostprocessing = 0;
		};
		52EA3DB52EA5E82900B3BD0E /* Resources */ = {
			isa = PBXResourcesBuildPhase;
			buildActionMask = 2147483647;
			files = (
			);
			runOnlyForDeploymentPostprocessing = 0;
		};
		52EA3DBF2EA5E82900B3BD0E /* Resources */ = {
			isa = PBXResourcesBuildPhase;
			buildActionMask = 2147483647;
			files = (
			);
			runOnlyForDeploymentPostprocessing = 0;
		};
/* End PBXResourcesBuildPhase section */

/* Begin PBXSourcesBuildPhase section */
		52EA3DA22EA5E82800B3BD0E /* Sources */ = {
			isa = PBXSourcesBuildPhase;
			buildActionMask = 2147483647;
			files = (
				52EA3DAC2EA5E82800B3BD0E /* ContentView.swift in Sources */,
				52EA3DAA2EA5E82800B3BD0E /* SpotifyOverlayApp.swift in Sources */,
				52EA3DD52EA600E400B3BD0E /* ButtonView.swift in Sources */,
				52EA3DDC2EA61B7C00B3BD0E /* CurrentSong.swift in Sources */,
				52EA3DD92EA61A5D00B3BD0E /* SpotifyManager.swift in Sources */,
			);
			runOnlyForDeploymentPostprocessing = 0;
		};
		52EA3DB32EA5E82900B3BD0E /* Sources */ = {
			isa = PBXSourcesBuildPhase;
			buildActionMask = 2147483647;
			files = (
				52EA3DBC2EA5E82900B3BD0E /* SpotifyOverlayTests.swift in Sources */,
			);
			runOnlyForDeploymentPostprocessing = 0;
		};
		52EA3DBD2EA5E82900B3BD0E /* Sources */ = {
			isa = PBXSourcesBuildPhase;
			buildActionMask = 2147483647;
			files = (
				52EA3DC82EA5E82900B3BD0E /* SpotifyOverlayUITestsLaunchTests.swift in Sources */,
				52EA3DC62EA5E82900B3BD0E /* SpotifyOverlayUITests.swift in Sources */,
			);
			runOnlyForDeploymentPostprocessing = 0;
		};
/* End PBXSourcesBuildPhase section */

/* Begin PBXTargetDependency section */
		52EA3DB92EA5E82900B3BD0E /* PBXTargetDependency */ = {
			isa = PBXTargetDependency;
			target = 52EA3DA52EA5E82800B3BD0E /* SpotifyOverlay */;
			targetProxy = 52EA3DB82EA5E82900B3BD0E /* PBXContainerItemProxy */;
		};
		52EA3DC32EA5E82900B3BD0E /* PBXTargetDependency */ = {
			isa = PBXTargetDependency;
			target = 52EA3DA52EA5E82800B3BD0E /* SpotifyOverlay */;
			targetProxy = 52EA3DC22EA5E82900B3BD0E /* PBXContainerItemProxy */;
		};
/* End PBXTargetDependency section */

/* Begin XCBuildConfiguration section */
		52EA3DC92EA5E82900B3BD0E /* Debug */ = {
			isa = XCBuildConfiguration;
			buildSettings = {
				ALWAYS_SEARCH_USER_PATHS = NO;
				ASSETCATALOG_COMPILER_GENERATE_SWIFT_ASSET_SYMBOL_EXTENSIONS = YES;
				CLANG_ANALYZER_NONNULL = YES;
				CLANG_ANALYZER_NUMBER_OBJECT_CONVERSION = YES_AGGRESSIVE;
				CLANG_CXX_LANGUAGE_STANDARD = "gnu++20";
				CLANG_ENABLE_MODULES = YES;
				CLANG_ENABLE_OBJC_ARC = YES;
				CLANG_ENABLE_OBJC_WEAK = YES;
				CLANG_WARN_BLOCK_CAPTURE_AUTORELEASING = YES;
				CLANG_WARN_BOOL_CONVERSION = YES;
				CLANG_WARN_COMMA = YES;
				CLANG_WARN_CONSTANT_CONVERSION = YES;
				CLANG_WARN_DEPRECATED_OBJC_IMPLEMENTATIONS = YES;
				CLANG_WARN_DIRECT_OBJC_ISA_USAGE = YES_ERROR;
				CLANG_WARN_DOCUMENTATION_COMMENTS = YES;
				CLANG_WARN_EMPTY_BODY = YES;
				CLANG_WARN_ENUM_CONVERSION = YES;
				CLANG_WARN_INFINITE_RECURSION = YES;
				CLANG_WARN_INT_CONVERSION = YES;
				CLANG_WARN_NON_LITERAL_NULL_CONVERSION = YES;
				CLANG_WARN_OBJC_IMPLICIT_RETAIN_SELF = YES;
				CLANG_WARN_OBJC_LITERAL_CONVERSION = YES;
				CLANG_WARN_OBJC_ROOT_CLASS = YES_ERROR;
				CLANG_WARN_QUOTED_INCLUDE_IN_FRAMEWORK_HEADER = YES;
				CLANG_WARN_RANGE_LOOP_ANALYSIS = YES;
				CLANG_WARN_STRICT_PROTOTYPES = YES;
				CLANG_WARN_SUSPICIOUS_MOVE = YES;
				CLANG_WARN_UNGUARDED_AVAILABILITY = YES_AGGRESSIVE;
				CLANG_WARN_UNREACHABLE_CODE = YES;
				CLANG_WARN__DUPLICATE_METHOD_MATCH = YES;
				COPY_PHASE_STRIP = NO;
				DEBUG_INFORMATION_FORMAT = dwarf;
				ENABLE_STRICT_OBJC_MSGSEND = YES;
				ENABLE_TESTABILITY = YES;
				ENABLE_USER_SCRIPT_SANDBOXING = YES;
				GCC_C_LANGUAGE_STANDARD = gnu17;
				GCC_DYNAMIC_NO_PIC = NO;
				GCC_NO_COMMON_BLOCKS = YES;
				GCC_OPTIMIZATION_LEVEL = 0;
				GCC_PREPROCESSOR_DEFINITIONS = (
					"DEBUG=1",
					"$(inherited)",
				);
				GCC_WARN_64_TO_32_BIT_CONVERSION = YES;
				GCC_WARN_ABOUT_RETURN_TYPE = YES_ERROR;
				GCC_WARN_UNDECLARED_SELECTOR = YES;
				GCC_WARN_UNINITIALIZED_AUTOS = YES_AGGRESSIVE;
				GCC_WARN_UNUSED_FUNCTION = YES;
				GCC_WARN_UNUSED_VARIABLE = YES;
				LOCALIZATION_PREFERS_STRING_CATALOGS = YES;
				MACOSX_DEPLOYMENT_TARGET = 14.4;
				MTL_ENABLE_DEBUG_INFO = INCLUDE_SOURCE;
				MTL_FAST_MATH = YES;
				ONLY_ACTIVE_ARCH = YES;
				SDKROOT = macosx;
				SWIFT_ACTIVE_COMPILATION_CONDITIONS = "DEBUG $(inherited)";
				SWIFT_OPTIMIZATION_LEVEL = "-Onone";
			};
			name = Debug;
		};
		52EA3DCA2EA5E82900B3BD0E /* Release */ = {
			isa = XCBuildConfiguration;
			buildSettings = {
				ALWAYS_SEARCH_USER_PATHS = NO;
				ASSETCATALOG_COMPILER_GENERATE_SWIFT_ASSET_SYMBOL_EXTENSIONS = YES;
				CLANG_ANALYZER_NONNULL = YES;
				CLANG_ANALYZER_NUMBER_OBJECT_CONVERSION = YES_AGGRESSIVE;
				CLANG_CXX_LANGUAGE_STANDARD = "gnu++20";
				CLANG_ENABLE_MODULES = YES;
				CLANG_ENABLE_OBJC_ARC = YES;
				CLANG_ENABLE_OBJC_WEAK = YES;
				CLANG_WARN_BLOCK_CAPTURE_AUTORELEASING = YES;
				CLANG_WARN_BOOL_CONVERSION = YES;
				CLANG_WARN_COMMA = YES;
				CLANG_WARN_CONSTANT_CONVERSION = YES;
				CLANG_WARN_DEPRECATED_OBJC_IMPLEMENTATIONS = YES;
				CLANG_WARN_DIRECT_OBJC_ISA_USAGE = YES_ERROR;
				CLANG_WARN_DOCUMENTATION_COMMENTS = YES;
				CLANG_WARN_EMPTY_BODY = YES;
				CLANG_WARN_ENUM_CONVERSION = YES;
				CLANG_WARN_INFINITE_RECURSION = YES;
				CLANG_WARN_INT_CONVERSION = YES;
				CLANG_WARN_NON_LITERAL_NULL_CONVERSION = YES;
				CLANG_WARN_OBJC_IMPLICIT_RETAIN_SELF = YES;
				CLANG_WARN_OBJC_LITERAL_CONVERSION = YES;
				CLANG_WARN_OBJC_ROOT_CLASS = YES_ERROR;
				CLANG_WARN_QUOTED_INCLUDE_IN_FRAMEWORK_HEADER = YES;
				CLANG_WARN_RANGE_LOOP_ANALYSIS = YES;
				CLANG_WARN_STRICT_PROTOTYPES = YES;
				CLANG_WARN_SUSPICIOUS_MOVE = YES;
				CLANG_WARN_UNGUARDED_AVAILABILITY = YES_AGGRESSIVE;
				CLANG_WARN_UNREACHABLE_CODE = YES;
				CLANG_WARN__DUPLICATE_METHOD_MATCH = YES;
				COPY_PHASE_STRIP = NO;
				DEBUG_INFORMATION_FORMAT = "dwarf-with-dsym";
				ENABLE_NS_ASSERTIONS = NO;
				ENABLE_STRICT_OBJC_MSGSEND = YES;
				ENABLE_USER_SCRIPT_SANDBOXING = YES;
				GCC_C_LANGUAGE_STANDARD = gnu17;
				GCC_NO_COMMON_BLOCKS = YES;
				GCC_WARN_64_TO_32_BIT_CONVERSION = YES;
				GCC_WARN_ABOUT_RETURN_TYPE = YES_ERROR;
				GCC_WARN_UNDECLARED_SELECTOR = YES;
				GCC_WARN_UNINITIALIZED_AUTOS = YES_AGGRESSIVE;
				GCC_WARN_UNUSED_FUNCTION = YES;
				GCC_WARN_UNUSED_VARIABLE = YES;
				LOCALIZATION_PREFERS_STRING_CATALOGS = YES;
				MACOSX_DEPLOYMENT_TARGET = 14.4;
				MTL_ENABLE_DEBUG_INFO = NO;
				MTL_FAST_MATH = YES;
				SDKROOT = macosx;
				SWIFT_COMPILATION_MODE = wholemodule;
			};
			name = Release;
		};
		52EA3DCC2EA5E82900B3BD0E /* Debug */ = {
			isa = XCBuildConfiguration;
			buildSettings = {
				ASSETCATALOG_COMPILER_APPICON_NAME = AppIcon;
				ASSETCATALOG_COMPILER_GLOBAL_ACCENT_COLOR_NAME = AccentColor;
				CODE_SIGN_ENTITLEMENTS = SpotifyOverlay/SpotifyOverlay.entitlements;
				CODE_SIGN_STYLE = Automatic;
				COMBINE_HIDPI_IMAGES = YES;
				CURRENT_PROJECT_VERSION = 1;
				DEVELOPMENT_ASSET_PATHS = "\"SpotifyOverlay/Preview Content\"";
				ENABLE_PREVIEWS = YES;
				GENERATE_INFOPLIST_FILE = YES;
				INFOPLIST_KEY_CFBundleDisplayName = "Spotify Player";
				INFOPLIST_KEY_NSHumanReadableCopyright = "";
				LD_RUNPATH_SEARCH_PATHS = (
					"$(inherited)",
					"@executable_path/../Frameworks",
				);
				MARKETING_VERSION = 1.0;
				PRODUCT_BUNDLE_IDENTIFIER = alexruddell.SpotifyOverlay;
				PRODUCT_NAME = "$(TARGET_NAME)";
				SWIFT_EMIT_LOC_STRINGS = YES;
				SWIFT_VERSION = 5.0;
			};
			name = Debug;
		};
		52EA3DCD2EA5E82900B3BD0E /* Release */ = {
			isa = XCBuildConfiguration;
			buildSettings = {
				ASSETCATALOG_COMPILER_APPICON_NAME = AppIcon;
				ASSETCATALOG_COMPILER_GLOBAL_ACCENT_COLOR_NAME = AccentColor;
				CODE_SIGN_ENTITLEMENTS = SpotifyOverlay/SpotifyOverlay.entitlements;
				CODE_SIGN_STYLE = Automatic;
				COMBINE_HIDPI_IMAGES = YES;
				CURRENT_PROJECT_VERSION = 1;
				DEVELOPMENT_ASSET_PATHS = "\"SpotifyOverlay/Preview Content\"";
				ENABLE_PREVIEWS = YES;
				GENERATE_INFOPLIST_FILE = YES;
				INFOPLIST_KEY_CFBundleDisplayName = "Spotify Player";
				INFOPLIST_KEY_NSHumanReadableCopyright = "";
				LD_RUNPATH_SEARCH_PATHS = (
					"$(inherited)",
					"@executable_path/../Frameworks",
				);
				MARKETING_VERSION = 1.0;
				PRODUCT_BUNDLE_IDENTIFIER = alexruddell.SpotifyOverlay;
				PRODUCT_NAME = "$(TARGET_NAME)";
				SWIFT_EMIT_LOC_STRINGS = YES;
				SWIFT_VERSION = 5.0;
			};
			name = Release;
		};
		52EA3DCF2EA5E82900B3BD0E /* Debug */ = {
			isa = XCBuildConfiguration;
			buildSettings = {
				ALWAYS_EMBED_SWIFT_STANDARD_LIBRARIES = YES;
				BUNDLE_LOADER = "$(TEST_HOST)";
				CODE_SIGN_STYLE = Automatic;
				CURRENT_PROJECT_VERSION = 1;
				GENERATE_INFOPLIST_FILE = YES;
				MACOSX_DEPLOYMENT_TARGET = 14.4;
				MARKETING_VERSION = 1.0;
				PRODUCT_BUNDLE_IDENTIFIER = alexruddell.SpotifyOverlayTests;
				PRODUCT_NAME = "$(TARGET_NAME)";
				SWIFT_EMIT_LOC_STRINGS = NO;
				SWIFT_VERSION = 5.0;
				TEST_HOST = "$(BUILT_PRODUCTS_DIR)/SpotifyOverlay.app/$(BUNDLE_EXECUTABLE_FOLDER_PATH)/SpotifyOverlay";
			};
			name = Debug;
		};
		52EA3DD02EA5E82900B3BD0E /* Release */ = {
			isa = XCBuildConfiguration;
			buildSettings = {
				ALWAYS_EMBED_SWIFT_STANDARD_LIBRARIES = YES;
				BUNDLE_LOADER = "$(TEST_HOST)";
				CODE_SIGN_STYLE = Automatic;
				CURRENT_PROJECT_VERSION = 1;
				GENERATE_INFOPLIST_FILE = YES;
				MACOSX_DEPLOYMENT_TARGET = 14.4;
				MARKETING_VERSION = 1.0;
				PRODUCT_BUNDLE_IDENTIFIER = alexruddell.SpotifyOverlayTests;
				PRODUCT_NAME = "$(TARGET_NAME)";
				SWIFT_EMIT_LOC_STRINGS = NO;
				SWIFT_VERSION = 5.0;
				TEST_HOST = "$(BUILT_PRODUCTS_DIR)/SpotifyOverlay.app/$(BUNDLE_EXECUTABLE_FOLDER_PATH)/SpotifyOverlay";
			};
			name = Release;
		};
		52EA3DD22EA5E82900B3BD0E /* Debug */ = {
			isa = XCBuildConfiguration;
			buildSettings = {
				ALWAYS_EMBED_SWIFT_STANDARD_LIBRARIES = YES;
				CODE_SIGN_STYLE = Automatic;
				CURRENT_PROJECT_VERSION = 1;
				GENERATE_INFOPLIST_FILE = YES;
				MARKETING_VERSION = 1.0;
				PRODUCT_BUNDLE_IDENTIFIER = alexruddell.SpotifyOverlayUITests;
				PRODUCT_NAME = "$(TARGET_NAME)";
				SWIFT_EMIT_LOC_STRINGS = NO;
				SWIFT_VERSION = 5.0;
				TEST_TARGET_NAME = SpotifyOverlay;
			};
			name = Debug;
		};
		52EA3DD32EA5E82900B3BD0E /* Release */ = {
			isa = XCBuildConfiguration;
			buildSettings = {
				ALWAYS_EMBED_SWIFT_STANDARD_LIBRARIES = YES;
				CODE_SIGN_STYLE = Automatic;
				CURRENT_PROJECT_VERSION = 1;
				GENERATE_INFOPLIST_FILE = YES;
				MARKETING_VERSION = 1.0;
				PRODUCT_BUNDLE_IDENTIFIER = alexruddell.SpotifyOverlayUITests;
				PRODUCT_NAME = "$(TARGET_NAME)";
				SWIFT_EMIT_LOC_STRINGS = NO;
				SWIFT_VERSION = 5.0;
				TEST_TARGET_NAME = SpotifyOverlay;
			};
			name = Release;
		};
/* End XCBuildConfiguration section */

/* Begin XCConfigurationList section */
		52EA3DA12EA5E82800B3BD0E /* Build configuration list for PBXProject "SpotifyOverlay" */ = {
			isa = XCConfigurationList;
			buildConfigurations = (
				52EA3DC92EA5E82900B3BD0E /* Debug */,
				52EA3DCA2EA5E82900B3BD0E /* Release */,
			);
			defaultConfigurationIsVisible = 0;
			defaultConfigurationName = Release;
		};
		52EA3DCB2EA5E82900B3BD0E /* Build configuration list for PBXNativeTarget "SpotifyOverlay" */ = {
			isa = XCConfigurationList;
			buildConfigurations = (
				52EA3DCC2EA5E82900B3BD0E /* Debug */,
				52EA3DCD2EA5E82900B3BD0E /* Release */,
			);
			defaultConfigurationIsVisible = 0;
			defaultConfigurationName = Release;
		};
		52EA3DCE2EA5E82900B3BD0E /* Build configuration list for PBXNativeTarget "SpotifyOverlayTests" */ = {
			isa = XCConfigurationList;
			buildConfigurations = (
				52EA3DCF2EA5E82900B3BD0E /* Debug */,
				52EA3DD02EA5E82900B3BD0E /* Release */,
			);
			defaultConfigurationIsVisible = 0;
			defaultConfigurationName = Release;
		};
		52EA3DD12EA5E82900B3BD0E /* Build configuration list for PBXNativeTarget "SpotifyOverlayUITests" */ = {
			isa = XCConfigurationList;
			buildConfigurations = (
				52EA3DD22EA5E82900B3BD0E /* Debug */,
				52EA3DD32EA5E82900B3BD0E /* Release */,
			);
			defaultConfigurationIsVisible = 0;
			defaultConfigurationName = Release;
		};
/* End XCConfigurationList section */

/* Begin XCRemoteSwiftPackageReference section */
		52EA3DDD2EA61F6F00B3BD0E /* XCRemoteSwiftPackageReference "SDWebImageSwiftUI" */ = {
			isa = XCRemoteSwiftPackageReference;
			repositoryURL = "https://github.com/SDWebImage/SDWebImageSwiftUI";
			requirement = {
				kind = upToNextMajorVersion;
				minimumVersion = 3.1.3;
			};
		};
/* End XCRemoteSwiftPackageReference section */

/* Begin XCSwiftPackageProductDependency section */
		52EA3DDE2EA61F6F00B3BD0E /* SDWebImageSwiftUI */ = {
			isa = XCSwiftPackageProductDependency;
			package = 52EA3DDD2EA61F6F00B3BD0E /* XCRemoteSwiftPackageReference "SDWebImageSwiftUI" */;
			productName = SDWebImageSwiftUI;
		};
/* End XCSwiftPackageProductDependency section */
	};
	rootObject = 52EA3D9E2EA5E82800B3BD0E /* Project object */;
}
